// !$*UTF8*$!
{
	archiveVersion = 1;
	classes = {
	};
	objectVersion = 50;
	objects = {

/* Begin PBXBuildFile section */
		5072FE4A21F54BA3004E08C3 /* AppDelegate.swift in Sources */ = {isa = PBXBuildFile; fileRef = 5072FE4921F54BA3004E08C3 /* AppDelegate.swift */; };
		5072FE4F21F54BA3004E08C3 /* ListItem.storyboard in Resources */ = {isa = PBXBuildFile; fileRef = 5072FE4D21F54BA3004E08C3 /* ListItem.storyboard */; };
		5072FE5121F54BA4004E08C3 /* Assets.xcassets in Resources */ = {isa = PBXBuildFile; fileRef = 5072FE5021F54BA4004E08C3 /* Assets.xcassets */; };
		5072FE5421F54BA4004E08C3 /* LaunchScreen.storyboard in Resources */ = {isa = PBXBuildFile; fileRef = 5072FE5221F54BA4004E08C3 /* LaunchScreen.storyboard */; };
		5072FE6721F55831004E08C3 /* ListItemViewController.swift in Sources */ = {isa = PBXBuildFile; fileRef = 5072FE6621F55831004E08C3 /* ListItemViewController.swift */; };
		5072FE6921F55845004E08C3 /* ListItemEntity.swift in Sources */ = {isa = PBXBuildFile; fileRef = 5072FE6821F55845004E08C3 /* ListItemEntity.swift */; };
		5072FE6B21F55856004E08C3 /* ListItemInteractor.swift in Sources */ = {isa = PBXBuildFile; fileRef = 5072FE6A21F55856004E08C3 /* ListItemInteractor.swift */; };
		5072FE6D21F55867004E08C3 /* ListItemPresenter.swift in Sources */ = {isa = PBXBuildFile; fileRef = 5072FE6C21F55867004E08C3 /* ListItemPresenter.swift */; };
		5072FE6F21F5587C004E08C3 /* ListItemProtocol.swift in Sources */ = {isa = PBXBuildFile; fileRef = 5072FE6E21F5587C004E08C3 /* ListItemProtocol.swift */; };
		5072FE7121F5588D004E08C3 /* ListItemRouter.swift in Sources */ = {isa = PBXBuildFile; fileRef = 5072FE7021F5588D004E08C3 /* ListItemRouter.swift */; };
		5072FE7521F559BF004E08C3 /* AppStoryboard.swift in Sources */ = {isa = PBXBuildFile; fileRef = 5072FE7421F559BF004E08C3 /* AppStoryboard.swift */; };
		5072FE7921F5665A004E08C3 /* ListItemTableViewCell.xib in Resources */ = {isa = PBXBuildFile; fileRef = 5072FE7821F5665A004E08C3 /* ListItemTableViewCell.xib */; };
		5072FE7B21F567B7004E08C3 /* ListItemHeader.xib in Resources */ = {isa = PBXBuildFile; fileRef = 5072FE7A21F567B7004E08C3 /* ListItemHeader.xib */; };
		5072FE7F21F568EF004E08C3 /* UITableView.swift in Sources */ = {isa = PBXBuildFile; fileRef = 5072FE7E21F568EF004E08C3 /* UITableView.swift */; };
		5072FE8121F56913004E08C3 /* ReusableView.swift in Sources */ = {isa = PBXBuildFile; fileRef = 5072FE8021F56913004E08C3 /* ReusableView.swift */; };
		5072FE8321F56979004E08C3 /* ListItemTableViewCell.swift in Sources */ = {isa = PBXBuildFile; fileRef = 5072FE8221F56979004E08C3 /* ListItemTableViewCell.swift */; };
		5072FE8621F56A1D004E08C3 /* Contants.swift in Sources */ = {isa = PBXBuildFile; fileRef = 5072FE8521F56A1D004E08C3 /* Contants.swift */; };
		5072FE8D21F5DD7E004E08C3 /* AddItemDialog.xib in Resources */ = {isa = PBXBuildFile; fileRef = 5072FE8C21F5DD7E004E08C3 /* AddItemDialog.xib */; };
		5072FE8F21F5E083004E08C3 /* AddItemDialog.swift in Sources */ = {isa = PBXBuildFile; fileRef = 5072FE8E21F5E083004E08C3 /* AddItemDialog.swift */; };
		5072FE9121F5E0CA004E08C3 /* UIView+Extensions.swift in Sources */ = {isa = PBXBuildFile; fileRef = 5072FE9021F5E0CA004E08C3 /* UIView+Extensions.swift */; };
		5072FE9421F60832004E08C3 /* AlertPresenter.swift in Sources */ = {isa = PBXBuildFile; fileRef = 5072FE9321F60832004E08C3 /* AlertPresenter.swift */; };
		5072FE9721F60EA1004E08C3 /* RealmManager.swift in Sources */ = {isa = PBXBuildFile; fileRef = 5072FE9621F60EA1004E08C3 /* RealmManager.swift */; };
		5072FE9921F61CF5004E08C3 /* UIColor+Extensions.swift in Sources */ = {isa = PBXBuildFile; fileRef = 5072FE9821F61CF5004E08C3 /* UIColor+Extensions.swift */; };
		50A37F2A21FEFEC200D366A4 /* EditItemViewController.swift in Sources */ = {isa = PBXBuildFile; fileRef = 50A37F2921FEFEC200D366A4 /* EditItemViewController.swift */; };
		50A37F2C21FEFEE000D366A4 /* EditItemPresenter.swift in Sources */ = {isa = PBXBuildFile; fileRef = 50A37F2B21FEFEE000D366A4 /* EditItemPresenter.swift */; };
		50A37F2E21FEFF1300D366A4 /* EditItemInteractor.swift in Sources */ = {isa = PBXBuildFile; fileRef = 50A37F2D21FEFF1300D366A4 /* EditItemInteractor.swift */; };
		50A37F3021FEFF2400D366A4 /* EditItemProtocol.swift in Sources */ = {isa = PBXBuildFile; fileRef = 50A37F2F21FEFF2400D366A4 /* EditItemProtocol.swift */; };
		50A37F3321FEFF9000D366A4 /* EditItem.storyboard in Resources */ = {isa = PBXBuildFile; fileRef = 50A37F3221FEFF9000D366A4 /* EditItem.storyboard */; };
		50A37F3521FF0AE100D366A4 /* EditItemRouter.swift in Sources */ = {isa = PBXBuildFile; fileRef = 50A37F3421FF0AE100D366A4 /* EditItemRouter.swift */; };
		50A37F3721FF1F2D00D366A4 /* ListItemViewController+Extensions.swift in Sources */ = {isa = PBXBuildFile; fileRef = 50A37F3621FF1F2D00D366A4 /* ListItemViewController+Extensions.swift */; };
		50DBABB12212B3C6003D5237 /* R.generated.swift in Sources */ = {isa = PBXBuildFile; fileRef = 50DBABB02212B3C6003D5237 /* R.generated.swift */; };
		AA0F95601FFE99A9BA0E7C4A /* Pods_AJStore.framework in Frameworks */ = {isa = PBXBuildFile; fileRef = 7C279E78ECB3531265FF6931 /* Pods_AJStore.framework */; };
/* End PBXBuildFile section */

/* Begin PBXFileReference section */
		278FC2B2F8A45A3775554C97 /* Pods-AJStore.release.xcconfig */ = {isa = PBXFileReference; includeInIndex = 1; lastKnownFileType = text.xcconfig; name = "Pods-AJStore.release.xcconfig"; path = "Pods/Target Support Files/Pods-AJStore/Pods-AJStore.release.xcconfig"; sourceTree = "<group>"; };
		5072FE4621F54BA3004E08C3 /* AJStore.app */ = {isa = PBXFileReference; explicitFileType = wrapper.application; includeInIndex = 0; path = AJStore.app; sourceTree = BUILT_PRODUCTS_DIR; };
		5072FE4921F54BA3004E08C3 /* AppDelegate.swift */ = {isa = PBXFileReference; lastKnownFileType = sourcecode.swift; path = AppDelegate.swift; sourceTree = "<group>"; };
		5072FE4E21F54BA3004E08C3 /* Base */ = {isa = PBXFileReference; lastKnownFileType = file.storyboard; name = Base; path = Base.lproj/ListItem.storyboard; sourceTree = "<group>"; };
		5072FE5021F54BA4004E08C3 /* Assets.xcassets */ = {isa = PBXFileReference; lastKnownFileType = folder.assetcatalog; path = Assets.xcassets; sourceTree = "<group>"; };
		5072FE5321F54BA4004E08C3 /* Base */ = {isa = PBXFileReference; lastKnownFileType = file.storyboard; name = Base; path = Base.lproj/LaunchScreen.storyboard; sourceTree = "<group>"; };
		5072FE5521F54BA4004E08C3 /* Info.plist */ = {isa = PBXFileReference; lastKnownFileType = text.plist.xml; path = Info.plist; sourceTree = "<group>"; };
		5072FE6621F55831004E08C3 /* ListItemViewController.swift */ = {isa = PBXFileReference; lastKnownFileType = sourcecode.swift; path = ListItemViewController.swift; sourceTree = "<group>"; };
		5072FE6821F55845004E08C3 /* ListItemEntity.swift */ = {isa = PBXFileReference; lastKnownFileType = sourcecode.swift; path = ListItemEntity.swift; sourceTree = "<group>"; };
		5072FE6A21F55856004E08C3 /* ListItemInteractor.swift */ = {isa = PBXFileReference; lastKnownFileType = sourcecode.swift; path = ListItemInteractor.swift; sourceTree = "<group>"; };
		5072FE6C21F55867004E08C3 /* ListItemPresenter.swift */ = {isa = PBXFileReference; lastKnownFileType = sourcecode.swift; path = ListItemPresenter.swift; sourceTree = "<group>"; };
		5072FE6E21F5587C004E08C3 /* ListItemProtocol.swift */ = {isa = PBXFileReference; lastKnownFileType = sourcecode.swift; path = ListItemProtocol.swift; sourceTree = "<group>"; };
		5072FE7021F5588D004E08C3 /* ListItemRouter.swift */ = {isa = PBXFileReference; lastKnownFileType = sourcecode.swift; path = ListItemRouter.swift; sourceTree = "<group>"; };
		5072FE7421F559BF004E08C3 /* AppStoryboard.swift */ = {isa = PBXFileReference; lastKnownFileType = sourcecode.swift; path = AppStoryboard.swift; sourceTree = "<group>"; };
		5072FE7821F5665A004E08C3 /* ListItemTableViewCell.xib */ = {isa = PBXFileReference; lastKnownFileType = file.xib; path = ListItemTableViewCell.xib; sourceTree = "<group>"; };
		5072FE7A21F567B7004E08C3 /* ListItemHeader.xib */ = {isa = PBXFileReference; lastKnownFileType = file.xib; path = ListItemHeader.xib; sourceTree = "<group>"; };
		5072FE7E21F568EF004E08C3 /* UITableView.swift */ = {isa = PBXFileReference; lastKnownFileType = sourcecode.swift; path = UITableView.swift; sourceTree = "<group>"; };
		5072FE8021F56913004E08C3 /* ReusableView.swift */ = {isa = PBXFileReference; lastKnownFileType = sourcecode.swift; path = ReusableView.swift; sourceTree = "<group>"; };
		5072FE8221F56979004E08C3 /* ListItemTableViewCell.swift */ = {isa = PBXFileReference; lastKnownFileType = sourcecode.swift; path = ListItemTableViewCell.swift; sourceTree = "<group>"; };
		5072FE8521F56A1D004E08C3 /* Contants.swift */ = {isa = PBXFileReference; lastKnownFileType = sourcecode.swift; path = Contants.swift; sourceTree = "<group>"; };
		5072FE8C21F5DD7E004E08C3 /* AddItemDialog.xib */ = {isa = PBXFileReference; lastKnownFileType = file.xib; path = AddItemDialog.xib; sourceTree = "<group>"; };
		5072FE8E21F5E083004E08C3 /* AddItemDialog.swift */ = {isa = PBXFileReference; lastKnownFileType = sourcecode.swift; path = AddItemDialog.swift; sourceTree = "<group>"; };
		5072FE9021F5E0CA004E08C3 /* UIView+Extensions.swift */ = {isa = PBXFileReference; lastKnownFileType = sourcecode.swift; path = "UIView+Extensions.swift"; sourceTree = "<group>"; };
		5072FE9321F60832004E08C3 /* AlertPresenter.swift */ = {isa = PBXFileReference; lastKnownFileType = sourcecode.swift; path = AlertPresenter.swift; sourceTree = "<group>"; };
		5072FE9621F60EA1004E08C3 /* RealmManager.swift */ = {isa = PBXFileReference; lastKnownFileType = sourcecode.swift; path = RealmManager.swift; sourceTree = "<group>"; };
		5072FE9821F61CF5004E08C3 /* UIColor+Extensions.swift */ = {isa = PBXFileReference; lastKnownFileType = sourcecode.swift; path = "UIColor+Extensions.swift"; sourceTree = "<group>"; };
		50A37F2921FEFEC200D366A4 /* EditItemViewController.swift */ = {isa = PBXFileReference; lastKnownFileType = sourcecode.swift; path = EditItemViewController.swift; sourceTree = "<group>"; };
		50A37F2B21FEFEE000D366A4 /* EditItemPresenter.swift */ = {isa = PBXFileReference; lastKnownFileType = sourcecode.swift; path = EditItemPresenter.swift; sourceTree = "<group>"; };
		50A37F2D21FEFF1300D366A4 /* EditItemInteractor.swift */ = {isa = PBXFileReference; lastKnownFileType = sourcecode.swift; path = EditItemInteractor.swift; sourceTree = "<group>"; };
		50A37F2F21FEFF2400D366A4 /* EditItemProtocol.swift */ = {isa = PBXFileReference; lastKnownFileType = sourcecode.swift; path = EditItemProtocol.swift; sourceTree = "<group>"; };
		50A37F3221FEFF9000D366A4 /* EditItem.storyboard */ = {isa = PBXFileReference; lastKnownFileType = file.storyboard; path = EditItem.storyboard; sourceTree = "<group>"; };
		50A37F3421FF0AE100D366A4 /* EditItemRouter.swift */ = {isa = PBXFileReference; lastKnownFileType = sourcecode.swift; path = EditItemRouter.swift; sourceTree = "<group>"; };
		50A37F3621FF1F2D00D366A4 /* ListItemViewController+Extensions.swift */ = {isa = PBXFileReference; lastKnownFileType = sourcecode.swift; path = "ListItemViewController+Extensions.swift"; sourceTree = "<group>"; };
		50DBABB02212B3C6003D5237 /* R.generated.swift */ = {isa = PBXFileReference; fileEncoding = 4; lastKnownFileType = sourcecode.swift; path = R.generated.swift; sourceTree = SOURCE_ROOT; };
		7C279E78ECB3531265FF6931 /* Pods_AJStore.framework */ = {isa = PBXFileReference; explicitFileType = wrapper.framework; includeInIndex = 0; path = Pods_AJStore.framework; sourceTree = BUILT_PRODUCTS_DIR; };
		82E3D534BD58F68116304F0B /* Pods-AJStore.debug.xcconfig */ = {isa = PBXFileReference; includeInIndex = 1; lastKnownFileType = text.xcconfig; name = "Pods-AJStore.debug.xcconfig"; path = "Pods/Target Support Files/Pods-AJStore/Pods-AJStore.debug.xcconfig"; sourceTree = "<group>"; };
/* End PBXFileReference section */

/* Begin PBXFrameworksBuildPhase section */
		5072FE4321F54BA3004E08C3 /* Frameworks */ = {
			isa = PBXFrameworksBuildPhase;
			buildActionMask = 2147483647;
			files = (
				AA0F95601FFE99A9BA0E7C4A /* Pods_AJStore.framework in Frameworks */,
			);
			runOnlyForDeploymentPostprocessing = 0;
		};
/* End PBXFrameworksBuildPhase section */

/* Begin PBXGroup section */
		2C42E93B97A3C91334F50247 /* Pods */ = {
			isa = PBXGroup;
			children = (
				82E3D534BD58F68116304F0B /* Pods-AJStore.debug.xcconfig */,
				278FC2B2F8A45A3775554C97 /* Pods-AJStore.release.xcconfig */,
			);
			name = Pods;
			sourceTree = "<group>";
		};
		5072FE3D21F54BA3004E08C3 = {
			isa = PBXGroup;
			children = (
				5072FE4821F54BA3004E08C3 /* AJStore */,
				5072FE4721F54BA3004E08C3 /* Products */,
				2C42E93B97A3C91334F50247 /* Pods */,
				8852D1D00821C87267749445 /* Frameworks */,
			);
			sourceTree = "<group>";
		};
		5072FE4721F54BA3004E08C3 /* Products */ = {
			isa = PBXGroup;
			children = (
				5072FE4621F54BA3004E08C3 /* AJStore.app */,
			);
			name = Products;
			sourceTree = "<group>";
		};
		5072FE4821F54BA3004E08C3 /* AJStore */ = {
			isa = PBXGroup;
			children = (
				5072FE5C21F555D2004E08C3 /* app-settings */,
				5072FE7221F55981004E08C3 /* common-utils */,
				5072FE5B21F555C2004E08C3 /* app-module */,
				50A37F3A21FF417B00D366A4 /* app-resources */,
			);
			path = AJStore;
			sourceTree = "<group>";
		};
		5072FE5B21F555C2004E08C3 /* app-module */ = {
			isa = PBXGroup;
			children = (
				50A37F3821FF410800D366A4 /* add-item */,
				5072FE5F21F555F4004E08C3 /* edit-item */,
				5072FE5D21F555E2004E08C3 /* list-items */,
			);
			path = "app-module";
			sourceTree = "<group>";
		};
		5072FE5C21F555D2004E08C3 /* app-settings */ = {
			isa = PBXGroup;
			children = (
				5072FE5521F54BA4004E08C3 /* Info.plist */,
				5072FE4921F54BA3004E08C3 /* AppDelegate.swift */,
			);
			path = "app-settings";
			sourceTree = "<group>";
		};
		5072FE5D21F555E2004E08C3 /* list-items */ = {
			isa = PBXGroup;
			children = (
				5072FE6621F55831004E08C3 /* ListItemViewController.swift */,
				50A37F3621FF1F2D00D366A4 /* ListItemViewController+Extensions.swift */,
				5072FE6821F55845004E08C3 /* ListItemEntity.swift */,
				5072FE6A21F55856004E08C3 /* ListItemInteractor.swift */,
				5072FE6C21F55867004E08C3 /* ListItemPresenter.swift */,
				5072FE6E21F5587C004E08C3 /* ListItemProtocol.swift */,
				5072FE7021F5588D004E08C3 /* ListItemRouter.swift */,
				5072FE7621F55B4C004E08C3 /* StoryBoard */,
				5072FE7721F55B76004E08C3 /* Xibs */,
			);
			path = "list-items";
			sourceTree = "<group>";
		};
		5072FE5F21F555F4004E08C3 /* edit-item */ = {
			isa = PBXGroup;
			children = (
				50A37F2921FEFEC200D366A4 /* EditItemViewController.swift */,
				50A37F2B21FEFEE000D366A4 /* EditItemPresenter.swift */,
				50A37F2D21FEFF1300D366A4 /* EditItemInteractor.swift */,
				50A37F2F21FEFF2400D366A4 /* EditItemProtocol.swift */,
				50A37F3421FF0AE100D366A4 /* EditItemRouter.swift */,
				50A37F3121FEFF7500D366A4 /* StoryBoard */,
			);
			path = "edit-item";
			sourceTree = "<group>";
		};
		5072FE7221F55981004E08C3 /* common-utils */ = {
			isa = PBXGroup;
			children = (
				50DBABAF2212B3A5003D5237 /* Resources */,
				5072FE9521F60E8F004E08C3 /* Manager */,
				5072FE9221F6081E004E08C3 /* Helper */,
				5072FE8421F56A0C004E08C3 /* Constants */,
				5072FE7321F559A3004E08C3 /* Extentions */,
			);
			path = "common-utils";
			sourceTree = "<group>";
		};
		5072FE7321F559A3004E08C3 /* Extentions */ = {
			isa = PBXGroup;
			children = (
				5072FE7421F559BF004E08C3 /* AppStoryboard.swift */,
				5072FE7E21F568EF004E08C3 /* UITableView.swift */,
				5072FE8021F56913004E08C3 /* ReusableView.swift */,
				5072FE9021F5E0CA004E08C3 /* UIView+Extensions.swift */,
				5072FE9821F61CF5004E08C3 /* UIColor+Extensions.swift */,
			);
			path = Extentions;
			sourceTree = "<group>";
		};
		5072FE7621F55B4C004E08C3 /* StoryBoard */ = {
			isa = PBXGroup;
			children = (
				5072FE4D21F54BA3004E08C3 /* ListItem.storyboard */,
			);
			path = StoryBoard;
			sourceTree = "<group>";
		};
		5072FE7721F55B76004E08C3 /* Xibs */ = {
			isa = PBXGroup;
			children = (
				50A37F3921FF414B00D366A4 /* ListItemCell */,
			);
			path = Xibs;
			sourceTree = "<group>";
		};
		5072FE8421F56A0C004E08C3 /* Constants */ = {
			isa = PBXGroup;
			children = (
				5072FE8521F56A1D004E08C3 /* Contants.swift */,
			);
			path = Constants;
			sourceTree = "<group>";
		};
		5072FE9221F6081E004E08C3 /* Helper */ = {
			isa = PBXGroup;
			children = (
				5072FE9321F60832004E08C3 /* AlertPresenter.swift */,
			);
			path = Helper;
			sourceTree = "<group>";
		};
		5072FE9521F60E8F004E08C3 /* Manager */ = {
			isa = PBXGroup;
			children = (
				5072FE9621F60EA1004E08C3 /* RealmManager.swift */,
			);
			path = Manager;
			sourceTree = "<group>";
		};
		50A37F3121FEFF7500D366A4 /* StoryBoard */ = {
			isa = PBXGroup;
			children = (
				50A37F3221FEFF9000D366A4 /* EditItem.storyboard */,
			);
			path = StoryBoard;
			sourceTree = "<group>";
		};
		50A37F3821FF410800D366A4 /* add-item */ = {
			isa = PBXGroup;
			children = (
				5072FE8C21F5DD7E004E08C3 /* AddItemDialog.xib */,
				5072FE8E21F5E083004E08C3 /* AddItemDialog.swift */,
			);
			path = "add-item";
			sourceTree = "<group>";
		};
		50A37F3921FF414B00D366A4 /* ListItemCell */ = {
			isa = PBXGroup;
			children = (
				5072FE7821F5665A004E08C3 /* ListItemTableViewCell.xib */,
				5072FE7A21F567B7004E08C3 /* ListItemHeader.xib */,
				5072FE8221F56979004E08C3 /* ListItemTableViewCell.swift */,
			);
			path = ListItemCell;
			sourceTree = "<group>";
		};
		50A37F3A21FF417B00D366A4 /* app-resources */ = {
			isa = PBXGroup;
			children = (
				5072FE5021F54BA4004E08C3 /* Assets.xcassets */,
				5072FE5221F54BA4004E08C3 /* LaunchScreen.storyboard */,
			);
			path = "app-resources";
			sourceTree = "<group>";
		};
		50DBABAF2212B3A5003D5237 /* Resources */ = {
			isa = PBXGroup;
			children = (
				50DBABB02212B3C6003D5237 /* R.generated.swift */,
			);
			path = Resources;
			sourceTree = "<group>";
		};
		8852D1D00821C87267749445 /* Frameworks */ = {
			isa = PBXGroup;
			children = (
				7C279E78ECB3531265FF6931 /* Pods_AJStore.framework */,
			);
			name = Frameworks;
			sourceTree = "<group>";
		};
/* End PBXGroup section */

/* Begin PBXNativeTarget section */
		5072FE4521F54BA3004E08C3 /* AJStore */ = {
			isa = PBXNativeTarget;
			buildConfigurationList = 5072FE5821F54BA4004E08C3 /* Build configuration list for PBXNativeTarget "AJStore" */;
			buildPhases = (
				5470590B4D0A14D615A678A9 /* [CP] Check Pods Manifest.lock */,
				50DBABAE2212B190003D5237 /* R.swift */,
				5072FE4221F54BA3004E08C3 /* Sources */,
				5072FE4321F54BA3004E08C3 /* Frameworks */,
				5072FE4421F54BA3004E08C3 /* Resources */,
				5072FE8721F5AD65004E08C3 /* SwiftLint */,
				E2BF7EE724B4383942FA9B63 /* [CP] Embed Pods Frameworks */,
			);
			buildRules = (
			);
			dependencies = (
			);
			name = AJStore;
			productName = AJStore;
			productReference = 5072FE4621F54BA3004E08C3 /* AJStore.app */;
			productType = "com.apple.product-type.application";
		};
/* End PBXNativeTarget section */

/* Begin PBXProject section */
		5072FE3E21F54BA3004E08C3 /* Project object */ = {
			isa = PBXProject;
			attributes = {
				LastSwiftUpdateCheck = 1010;
				LastUpgradeCheck = 1010;
				ORGANIZATIONNAME = Albert;
				TargetAttributes = {
					5072FE4521F54BA3004E08C3 = {
						CreatedOnToolsVersion = 10.1;
					};
				};
			};
			buildConfigurationList = 5072FE4121F54BA3004E08C3 /* Build configuration list for PBXProject "AJStore" */;
			compatibilityVersion = "Xcode 9.3";
			developmentRegion = en;
			hasScannedForEncodings = 0;
			knownRegions = (
				en,
				Base,
			);
			mainGroup = 5072FE3D21F54BA3004E08C3;
			productRefGroup = 5072FE4721F54BA3004E08C3 /* Products */;
			projectDirPath = "";
			projectRoot = "";
			targets = (
				5072FE4521F54BA3004E08C3 /* AJStore */,
			);
		};
/* End PBXProject section */

/* Begin PBXResourcesBuildPhase section */
		5072FE4421F54BA3004E08C3 /* Resources */ = {
			isa = PBXResourcesBuildPhase;
			buildActionMask = 2147483647;
			files = (
				5072FE7921F5665A004E08C3 /* ListItemTableViewCell.xib in Resources */,
				5072FE5421F54BA4004E08C3 /* LaunchScreen.storyboard in Resources */,
				5072FE5121F54BA4004E08C3 /* Assets.xcassets in Resources */,
				50A37F3321FEFF9000D366A4 /* EditItem.storyboard in Resources */,
				5072FE7B21F567B7004E08C3 /* ListItemHeader.xib in Resources */,
				5072FE8D21F5DD7E004E08C3 /* AddItemDialog.xib in Resources */,
				5072FE4F21F54BA3004E08C3 /* ListItem.storyboard in Resources */,
			);
			runOnlyForDeploymentPostprocessing = 0;
		};
/* End PBXResourcesBuildPhase section */

/* Begin PBXShellScriptBuildPhase section */
		5072FE8721F5AD65004E08C3 /* SwiftLint */ = {
			isa = PBXShellScriptBuildPhase;
			buildActionMask = 2147483647;
			files = (
			);
			inputFileListPaths = (
			);
			inputPaths = (
			);
			name = SwiftLint;
			outputFileListPaths = (
			);
			outputPaths = (
			);
			runOnlyForDeploymentPostprocessing = 0;
			shellPath = /bin/sh;
			shellScript = "# Type a script or drag a script file from your workspace to insert its path.\nif which swiftlint >/dev/null; then\nswiftlint\nelse\necho \"warning: SwiftLint not installed, download from https://github.com/realm/SwiftLint\"\nfi\n";
		};
		50DBABAE2212B190003D5237 /* R.swift */ = {
			isa = PBXShellScriptBuildPhase;
			buildActionMask = 2147483647;
			files = (
			);
			inputFileListPaths = (
			);
			inputPaths = (
				"$TEMP_DIR/rswift-lastrun",
			);
			name = R.swift;
			outputFileListPaths = (
			);
			outputPaths = (
				"$SRCROOT/R.generated.swift",
			);
			runOnlyForDeploymentPostprocessing = 0;
			shellPath = /bin/sh;
			shellScript = "# Type a script or drag a script file from your workspace to insert its path.\n\"$PODS_ROOT/R.swift/rswift\" generate \"$SRCROOT/R.generated.swift\"\n";
		};
		5470590B4D0A14D615A678A9 /* [CP] Check Pods Manifest.lock */ = {
			isa = PBXShellScriptBuildPhase;
			buildActionMask = 2147483647;
			files = (
			);
			inputFileListPaths = (
			);
			inputPaths = (
				"${PODS_PODFILE_DIR_PATH}/Podfile.lock",
				"${PODS_ROOT}/Manifest.lock",
			);
			name = "[CP] Check Pods Manifest.lock";
			outputFileListPaths = (
			);
			outputPaths = (
				"$(DERIVED_FILE_DIR)/Pods-AJStore-checkManifestLockResult.txt",
			);
			runOnlyForDeploymentPostprocessing = 0;
			shellPath = /bin/sh;
			shellScript = "diff \"${PODS_PODFILE_DIR_PATH}/Podfile.lock\" \"${PODS_ROOT}/Manifest.lock\" > /dev/null\nif [ $? != 0 ] ; then\n    # print error to STDERR\n    echo \"error: The sandbox is not in sync with the Podfile.lock. Run 'pod install' or update your CocoaPods installation.\" >&2\n    exit 1\nfi\n# This output is used by Xcode 'outputs' to avoid re-running this script phase.\necho \"SUCCESS\" > \"${SCRIPT_OUTPUT_FILE_0}\"\n";
			showEnvVarsInLog = 0;
		};
		E2BF7EE724B4383942FA9B63 /* [CP] Embed Pods Frameworks */ = {
			isa = PBXShellScriptBuildPhase;
			buildActionMask = 2147483647;
			files = (
			);
			inputFileListPaths = (
			);
			inputPaths = (
				"${SRCROOT}/Pods/Target Support Files/Pods-AJStore/Pods-AJStore-frameworks.sh",
				"${BUILT_PRODUCTS_DIR}/IQKeyboardManagerSwift/IQKeyboardManagerSwift.framework",
				"${BUILT_PRODUCTS_DIR}/LGButton/LGButton.framework",
				"${BUILT_PRODUCTS_DIR}/PopupKit/PopupKit.framework",
				"${BUILT_PRODUCTS_DIR}/R.swift.Library/Rswift.framework",
				"${BUILT_PRODUCTS_DIR}/Realm/Realm.framework",
				"${BUILT_PRODUCTS_DIR}/RealmSwift/RealmSwift.framework",
				"${BUILT_PRODUCTS_DIR}/ViewAnimator/ViewAnimator.framework",
			);
			name = "[CP] Embed Pods Frameworks";
			outputFileListPaths = (
			);
			outputPaths = (
				"${TARGET_BUILD_DIR}/${FRAMEWORKS_FOLDER_PATH}/IQKeyboardManagerSwift.framework",
				"${TARGET_BUILD_DIR}/${FRAMEWORKS_FOLDER_PATH}/LGButton.framework",
				"${TARGET_BUILD_DIR}/${FRAMEWORKS_FOLDER_PATH}/PopupKit.framework",
				"${TARGET_BUILD_DIR}/${FRAMEWORKS_FOLDER_PATH}/Rswift.framework",
				"${TARGET_BUILD_DIR}/${FRAMEWORKS_FOLDER_PATH}/Realm.framework",
				"${TARGET_BUILD_DIR}/${FRAMEWORKS_FOLDER_PATH}/RealmSwift.framework",
				"${TARGET_BUILD_DIR}/${FRAMEWORKS_FOLDER_PATH}/ViewAnimator.framework",
			);
			runOnlyForDeploymentPostprocessing = 0;
			shellPath = /bin/sh;
			shellScript = "\"${SRCROOT}/Pods/Target Support Files/Pods-AJStore/Pods-AJStore-frameworks.sh\"\n";
			showEnvVarsInLog = 0;
		};
/* End PBXShellScriptBuildPhase section */

/* Begin PBXSourcesBuildPhase section */
		5072FE4221F54BA3004E08C3 /* Sources */ = {
			isa = PBXSourcesBuildPhase;
			buildActionMask = 2147483647;
			files = (
				5072FE9121F5E0CA004E08C3 /* UIView+Extensions.swift in Sources */,
				50A37F2C21FEFEE000D366A4 /* EditItemPresenter.swift in Sources */,
				50A37F2A21FEFEC200D366A4 /* EditItemViewController.swift in Sources */,
				5072FE7521F559BF004E08C3 /* AppStoryboard.swift in Sources */,
				5072FE8121F56913004E08C3 /* ReusableView.swift in Sources */,
				5072FE6B21F55856004E08C3 /* ListItemInteractor.swift in Sources */,
				5072FE6D21F55867004E08C3 /* ListItemPresenter.swift in Sources */,
				50A37F2E21FEFF1300D366A4 /* EditItemInteractor.swift in Sources */,
				5072FE9421F60832004E08C3 /* AlertPresenter.swift in Sources */,
				50A37F3021FEFF2400D366A4 /* EditItemProtocol.swift in Sources */,
				5072FE7121F5588D004E08C3 /* ListItemRouter.swift in Sources */,
				50DBABB12212B3C6003D5237 /* R.generated.swift in Sources */,
				50A37F3721FF1F2D00D366A4 /* ListItemViewController+Extensions.swift in Sources */,
				5072FE8F21F5E083004E08C3 /* AddItemDialog.swift in Sources */,
				5072FE6721F55831004E08C3 /* ListItemViewController.swift in Sources */,
				5072FE9721F60EA1004E08C3 /* RealmManager.swift in Sources */,
				5072FE7F21F568EF004E08C3 /* UITableView.swift in Sources */,
				5072FE4A21F54BA3004E08C3 /* AppDelegate.swift in Sources */,
				5072FE6F21F5587C004E08C3 /* ListItemProtocol.swift in Sources */,
				5072FE8321F56979004E08C3 /* ListItemTableViewCell.swift in Sources */,
				5072FE6921F55845004E08C3 /* ListItemEntity.swift in Sources */,
				5072FE9921F61CF5004E08C3 /* UIColor+Extensions.swift in Sources */,
				5072FE8621F56A1D004E08C3 /* Contants.swift in Sources */,
				50A37F3521FF0AE100D366A4 /* EditItemRouter.swift in Sources */,
			);
			runOnlyForDeploymentPostprocessing = 0;
		};
/* End PBXSourcesBuildPhase section */

/* Begin PBXVariantGroup section */
		5072FE4D21F54BA3004E08C3 /* ListItem.storyboard */ = {
			isa = PBXVariantGroup;
			children = (
				5072FE4E21F54BA3004E08C3 /* Base */,
			);
			name = ListItem.storyboard;
			sourceTree = "<group>";
		};
		5072FE5221F54BA4004E08C3 /* LaunchScreen.storyboard */ = {
			isa = PBXVariantGroup;
			children = (
				5072FE5321F54BA4004E08C3 /* Base */,
			);
			name = LaunchScreen.storyboard;
			sourceTree = "<group>";
		};
/* End PBXVariantGroup section */

/* Begin XCBuildConfiguration section */
		5072FE5621F54BA4004E08C3 /* Debug */ = {
			isa = XCBuildConfiguration;
			buildSettings = {
				ALWAYS_SEARCH_USER_PATHS = NO;
				CLANG_ANALYZER_NONNULL = YES;
				CLANG_ANALYZER_NUMBER_OBJECT_CONVERSION = YES_AGGRESSIVE;
				CLANG_CXX_LANGUAGE_STANDARD = "gnu++14";
				CLANG_CXX_LIBRARY = "libc++";
				CLANG_ENABLE_MODULES = YES;
				CLANG_ENABLE_OBJC_ARC = YES;
				CLANG_ENABLE_OBJC_WEAK = YES;
				CLANG_WARN_BLOCK_CAPTURE_AUTORELEASING = YES;
				CLANG_WARN_BOOL_CONVERSION = YES;
				CLANG_WARN_COMMA = YES;
				CLANG_WARN_CONSTANT_CONVERSION = YES;
				CLANG_WARN_DEPRECATED_OBJC_IMPLEMENTATIONS = YES;
				CLANG_WARN_DIRECT_OBJC_ISA_USAGE = YES_ERROR;
				CLANG_WARN_DOCUMENTATION_COMMENTS = YES;
				CLANG_WARN_EMPTY_BODY = YES;
				CLANG_WARN_ENUM_CONVERSION = YES;
				CLANG_WARN_INFINITE_RECURSION = YES;
				CLANG_WARN_INT_CONVERSION = YES;
				CLANG_WARN_NON_LITERAL_NULL_CONVERSION = YES;
				CLANG_WARN_OBJC_IMPLICIT_RETAIN_SELF = YES;
				CLANG_WARN_OBJC_LITERAL_CONVERSION = YES;
				CLANG_WARN_OBJC_ROOT_CLASS = YES_ERROR;
				CLANG_WARN_RANGE_LOOP_ANALYSIS = YES;
				CLANG_WARN_STRICT_PROTOTYPES = YES;
				CLANG_WARN_SUSPICIOUS_MOVE = YES;
				CLANG_WARN_UNGUARDED_AVAILABILITY = YES_AGGRESSIVE;
				CLANG_WARN_UNREACHABLE_CODE = YES;
				CLANG_WARN__DUPLICATE_METHOD_MATCH = YES;
				CODE_SIGN_IDENTITY = "iPhone Developer";
				COPY_PHASE_STRIP = NO;
				DEBUG_INFORMATION_FORMAT = dwarf;
				ENABLE_STRICT_OBJC_MSGSEND = YES;
				ENABLE_TESTABILITY = YES;
				GCC_C_LANGUAGE_STANDARD = gnu11;
				GCC_DYNAMIC_NO_PIC = NO;
				GCC_NO_COMMON_BLOCKS = YES;
				GCC_OPTIMIZATION_LEVEL = 0;
				GCC_PREPROCESSOR_DEFINITIONS = (
					"DEBUG=1",
					"$(inherited)",
				);
				GCC_WARN_64_TO_32_BIT_CONVERSION = YES;
				GCC_WARN_ABOUT_RETURN_TYPE = YES_ERROR;
				GCC_WARN_UNDECLARED_SELECTOR = YES;
				GCC_WARN_UNINITIALIZED_AUTOS = YES_AGGRESSIVE;
				GCC_WARN_UNUSED_FUNCTION = YES;
				GCC_WARN_UNUSED_VARIABLE = YES;
				IPHONEOS_DEPLOYMENT_TARGET = 12.1;
				MTL_ENABLE_DEBUG_INFO = INCLUDE_SOURCE;
				MTL_FAST_MATH = YES;
				ONLY_ACTIVE_ARCH = YES;
				SDKROOT = iphoneos;
				SWIFT_ACTIVE_COMPILATION_CONDITIONS = DEBUG;
				SWIFT_OPTIMIZATION_LEVEL = "-Onone";
			};
			name = Debug;
		};
		5072FE5721F54BA4004E08C3 /* Release */ = {
			isa = XCBuildConfiguration;
			buildSettings = {
				ALWAYS_SEARCH_USER_PATHS = NO;
				CLANG_ANALYZER_NONNULL = YES;
				CLANG_ANALYZER_NUMBER_OBJECT_CONVERSION = YES_AGGRESSIVE;
				CLANG_CXX_LANGUAGE_STANDARD = "gnu++14";
				CLANG_CXX_LIBRARY = "libc++";
				CLANG_ENABLE_MODULES = YES;
				CLANG_ENABLE_OBJC_ARC = YES;
				CLANG_ENABLE_OBJC_WEAK = YES;
				CLANG_WARN_BLOCK_CAPTURE_AUTORELEASING = YES;
				CLANG_WARN_BOOL_CONVERSION = YES;
				CLANG_WARN_COMMA = YES;
				CLANG_WARN_CONSTANT_CONVERSION = YES;
				CLANG_WARN_DEPRECATED_OBJC_IMPLEMENTATIONS = YES;
				CLANG_WARN_DIRECT_OBJC_ISA_USAGE = YES_ERROR;
				CLANG_WARN_DOCUMENTATION_COMMENTS = YES;
				CLANG_WARN_EMPTY_BODY = YES;
				CLANG_WARN_ENUM_CONVERSION = YES;
				CLANG_WARN_INFINITE_RECURSION = YES;
				CLANG_WARN_INT_CONVERSION = YES;
				CLANG_WARN_NON_LITERAL_NULL_CONVERSION = YES;
				CLANG_WARN_OBJC_IMPLICIT_RETAIN_SELF = YES;
				CLANG_WARN_OBJC_LITERAL_CONVERSION = YES;
				CLANG_WARN_OBJC_ROOT_CLASS = YES_ERROR;
				CLANG_WARN_RANGE_LOOP_ANALYSIS = YES;
				CLANG_WARN_STRICT_PROTOTYPES = YES;
				CLANG_WARN_SUSPICIOUS_MOVE = YES;
				CLANG_WARN_UNGUARDED_AVAILABILITY = YES_AGGRESSIVE;
				CLANG_WARN_UNREACHABLE_CODE = YES;
				CLANG_WARN__DUPLICATE_METHOD_MATCH = YES;
				CODE_SIGN_IDENTITY = "iPhone Developer";
				COPY_PHASE_STRIP = NO;
				DEBUG_INFORMATION_FORMAT = "dwarf-with-dsym";
				ENABLE_NS_ASSERTIONS = NO;
				ENABLE_STRICT_OBJC_MSGSEND = YES;
				GCC_C_LANGUAGE_STANDARD = gnu11;
				GCC_NO_COMMON_BLOCKS = YES;
				GCC_WARN_64_TO_32_BIT_CONVERSION = YES;
				GCC_WARN_ABOUT_RETURN_TYPE = YES_ERROR;
				GCC_WARN_UNDECLARED_SELECTOR = YES;
				GCC_WARN_UNINITIALIZED_AUTOS = YES_AGGRESSIVE;
				GCC_WARN_UNUSED_FUNCTION = YES;
				GCC_WARN_UNUSED_VARIABLE = YES;
				IPHONEOS_DEPLOYMENT_TARGET = 12.1;
				MTL_ENABLE_DEBUG_INFO = NO;
				MTL_FAST_MATH = YES;
				SDKROOT = iphoneos;
				SWIFT_COMPILATION_MODE = wholemodule;
				SWIFT_OPTIMIZATION_LEVEL = "-O";
				VALIDATE_PRODUCT = YES;
			};
			name = Release;
		};
		5072FE5921F54BA4004E08C3 /* Debug */ = {
			isa = XCBuildConfiguration;
			baseConfigurationReference = 82E3D534BD58F68116304F0B /* Pods-AJStore.debug.xcconfig */;
			buildSettings = {
				ASSETCATALOG_COMPILER_APPICON_NAME = AppIcon;
				CODE_SIGN_STYLE = Automatic;
				DEVELOPMENT_TEAM = 4UJUHDYDHF;
				INFOPLIST_FILE = "$(SRCROOT)/AJStore/app-settings/Info.plist";
				LD_RUNPATH_SEARCH_PATHS = (
					"$(inherited)",
					"@executable_path/Frameworks",
				);
				PRODUCT_BUNDLE_IDENTIFIER = com.devjayden.AJStore;
				PRODUCT_NAME = "$(TARGET_NAME)";
				SWIFT_VERSION = 4.2;
				TARGETED_DEVICE_FAMILY = "1,2";
			};
			name = Debug;
		};
		5072FE5A21F54BA4004E08C3 /* Release */ = {
			isa = XCBuildConfiguration;
			baseConfigurationReference = 278FC2B2F8A45A3775554C97 /* Pods-AJStore.release.xcconfig */;
			buildSettings = {
				ASSETCATALOG_COMPILER_APPICON_NAME = AppIcon;
				CODE_SIGN_STYLE = Automatic;
				DEVELOPMENT_TEAM = 4UJUHDYDHF;
				INFOPLIST_FILE = "$(SRCROOT)/AJStore/app-settings/Info.plist";
				LD_RUNPATH_SEARCH_PATHS = (
					"$(inherited)",
					"@executable_path/Frameworks",
				);
				PRODUCT_BUNDLE_IDENTIFIER = com.devjayden.AJStore;
				PRODUCT_NAME = "$(TARGET_NAME)";
				SWIFT_VERSION = 4.2;
				TARGETED_DEVICE_FAMILY = "1,2";
			};
			name = Release;
		};
/* End XCBuildConfiguration section */

/* Begin XCConfigurationList section */
		5072FE4121F54BA3004E08C3 /* Build configuration list for PBXProject "AJStore" */ = {
			isa = XCConfigurationList;
			buildConfigurations = (
				5072FE5621F54BA4004E08C3 /* Debug */,
				5072FE5721F54BA4004E08C3 /* Release */,
			);
			defaultConfigurationIsVisible = 0;
			defaultConfigurationName = Release;
		};
		5072FE5821F54BA4004E08C3 /* Build configuration list for PBXNativeTarget "AJStore" */ = {
			isa = XCConfigurationList;
			buildConfigurations = (
				5072FE5921F54BA4004E08C3 /* Debug */,
				5072FE5A21F54BA4004E08C3 /* Release */,
			);
			defaultConfigurationIsVisible = 0;
			defaultConfigurationName = Release;
		};
/* End XCConfigurationList section */
	};
	rootObject = 5072FE3E21F54BA3004E08C3 /* Project object */;
}
